
Microsoft Visual Studio Solution File, Format Version 10.00
# Visual C++ Express 2008
Project("{8BC9CEB8-8B4A-11D0-8D11-00A0C91BC942}") = "libgsasl", "libgsasl.vcproj", "{0B883079-812A-405E-AC8F-59F47CE9A3FF}"
EndProject
Project("{8BC9CEB8-8B4A-11D0-8D11-00A0C91BC942}") = "cram-md5", "tests\cram-md5.vcproj", "{6D54E2C8-59A4-44E0-8A48-1B73DA2BC7E2}"
	ProjectSection(ProjectDependencies) = postProject
		{0B883079-812A-405E-AC8F-59F47CE9A3FF} = {0B883079-812A-405E-AC8F-59F47CE9A3FF}
	EndProjectSection
EndProject
Project("{8BC9CEB8-8B4A-11D0-8D11-00A0C91BC942}") = "simple", "tests\simple.vcproj", "{21768896-1860-40D7-9C36-31BC9264CA3E}"
	ProjectSection(ProjectDependencies) = postProject
		{0B883079-812A-405E-AC8F-59F47CE9A3FF} = {0B883079-812A-405E-AC8F-59F47CE9A3FF}
	EndProjectSection
EndProject
Project("{8BC9CEB8-8B4A-11D0-8D11-00A0C91BC942}") = "crypto", "tests\crypto.vcproj", "{0BDE62C1-A3C1-47AE-BC77-83FE525230CA}"
	ProjectSection(ProjectDependencies) = postProject
		{0B883079-812A-405E-AC8F-59F47CE9A3FF} = {0B883079-812A-405E-AC8F-59F47CE9A3FF}
	EndProjectSection
EndProject
Project("{8BC9CEB8-8B4A-11D0-8D11-00A0C91BC942}") = "scramplus", "tests\scramplus.vcproj", "{37A5CCC7-FF7A-44A7-B52F-9B1AFCE53E9B}"
	ProjectSection(ProjectDependencies) = postProject
		{0B883079-812A-405E-AC8F-59F47CE9A3FF} = {0B883079-812A-405E-AC8F-59F47CE9A3FF}
	EndProjectSection
EndProject
Project("{8BC9CEB8-8B4A-11D0-8D11-00A0C91BC942}") = "scram", "tests\scram.vcproj", "{A786767F-6D33-4936-A852-42124A9E2B76}"
	ProjectSection(ProjectDependencies) = postProject
		{0B883079-812A-405E-AC8F-59F47CE9A3FF} = {0B883079-812A-405E-AC8F-59F47CE9A3FF}
	EndProjectSection
EndProject
Project("{8BC9CEB8-8B4A-11D0-8D11-00A0C91BC942}") = "digest-md5", "tests\digest-md5.vcproj", "{C0C68A5F-CDCE-4F26-8A30-5A4313ADF628}"
	ProjectSection(ProjectDependencies) = postProject
		{0B883079-812A-405E-AC8F-59F47CE9A3FF} = {0B883079-812A-405E-AC8F-59F47CE9A3FF}
	EndProjectSection
EndProject
Project("{8BC9CEB8-8B4A-11D0-8D11-00A0C91BC942}") = "saml20", "tests\saml20.vcproj", "{4278361E-723B-438B-83D8-48E475E4AA42}"
	ProjectSection(ProjectDependencies) = postProject
		{0B883079-812A-405E-AC8F-59F47CE9A3FF} = {0B883079-812A-405E-AC8F-59F47CE9A3FF}
	EndProjectSection
EndProject
Project("{8BC9CEB8-8B4A-11D0-8D11-00A0C91BC942}") = "suggest", "tests\suggest.vcproj", "{802C0AF2-A740-4903-A198-C40C646331D9}"
	ProjectSection(ProjectDependencies) = postProject
		{0B883079-812A-405E-AC8F-59F47CE9A3FF} = {0B883079-812A-405E-AC8F-59F47CE9A3FF}
	EndProjectSection
EndProject
Project("{8BC9CEB8-8B4A-11D0-8D11-00A0C91BC942}") = "symbols", "tests\symbols.vcproj", "{C2446EE8-23D8-4594-906F-958D0A3CA9D2}"
	ProjectSection(ProjectDependencies) = postProject
		{0B883079-812A-405E-AC8F-59F47CE9A3FF} = {0B883079-812A-405E-AC8F-59F47CE9A3FF}
	EndProjectSection
EndProject
Project("{8BC9CEB8-8B4A-11D0-8D11-00A0C91BC942}") = "name", "tests\name.vcproj", "{040F8778-3B25-4C81-80B2-1DFDDAAD0D46}"
	ProjectSection(ProjectDependencies) = postProject
		{0B883079-812A-405E-AC8F-59F47CE9A3FF} = {0B883079-812A-405E-AC8F-59F47CE9A3FF}
	EndProjectSection
EndProject
Project("{8BC9CEB8-8B4A-11D0-8D11-00A0C91BC942}") = "md5file", "tests\md5file.vcproj", "{9FE7FF44-140E-445C-84BE-0453044293F1}"
	ProjectSection(ProjectDependencies) = postProject
		{0B883079-812A-405E-AC8F-59F47CE9A3FF} = {0B883079-812A-405E-AC8F-59F47CE9A3FF}
	EndProjectSection
EndProject
Project("{8BC9CEB8-8B4A-11D0-8D11-00A0C91BC942}") = "openid20", "tests\openid20.vcproj", "{9AC9F0B1-B8A9-4413-ABC7-DEA08559CBA2}"
	ProjectSection(ProjectDependencies) = postProject
		{0B883079-812A-405E-AC8F-59F47CE9A3FF} = {0B883079-812A-405E-AC8F-59F47CE9A3FF}
	EndProjectSection
EndProject
Project("{8BC9CEB8-8B4A-11D0-8D11-00A0C91BC942}") = "readnz", "tests\readnz.vcproj", "{60AA2511-5F8B-47DE-B9C5-173DC6F756A1}"
	ProjectSection(ProjectDependencies) = postProject
		{0B883079-812A-405E-AC8F-59F47CE9A3FF} = {0B883079-812A-405E-AC8F-59F47CE9A3FF}
	EndProjectSection
EndProject
Project("{8BC9CEB8-8B4A-11D0-8D11-00A0C91BC942}") = "errors", "tests\errors.vcproj", "{352BC37B-C1B2-4D5F-9203-2237D9CB93B6}"
	ProjectSection(ProjectDependencies) = postProject
		{0B883079-812A-405E-AC8F-59F47CE9A3FF} = {0B883079-812A-405E-AC8F-59F47CE9A3FF}
	EndProjectSection
EndProject
Project("{8BC9CEB8-8B4A-11D0-8D11-00A0C91BC942}") = "external", "tests\external.vcproj", "{83830091-2FE2-4370-A6DD-6DE74F04FB5C}"
	ProjectSection(ProjectDependencies) = postProject
		{0B883079-812A-405E-AC8F-59F47CE9A3FF} = {0B883079-812A-405E-AC8F-59F47CE9A3FF}
	EndProjectSection
EndProject
Project("{8BC9CEB8-8B4A-11D0-8D11-00A0C91BC942}") = "gssapi", "tests\gssapi.vcproj", "{367AC968-BD1F-4DD3-A49C-1AA5EEFF5191}"
	ProjectSection(ProjectDependencies) = postProject
		{0B883079-812A-405E-AC8F-59F47CE9A3FF} = {0B883079-812A-405E-AC8F-59F47CE9A3FF}
	EndProjectSection
EndProject
Project("{8BC9CEB8-8B4A-11D0-8D11-00A0C91BC942}") = "gs2-krb5", "tests\gs2-krb5.vcproj", "{1A24F4EE-A03D-450C-965F-4275D34F42A5}"
	ProjectSection(ProjectDependencies) = postProject
		{0B883079-812A-405E-AC8F-59F47CE9A3FF} = {0B883079-812A-405E-AC8F-59F47CE9A3FF}
	EndProjectSection
EndProject
Project("{8BC9CEB8-8B4A-11D0-8D11-00A0C91BC942}") = "run_all_tests", "tests\run_all_tests.vcproj", "{8555C573-874C-4982-B721-FD25B5691876}"
	ProjectSection(ProjectDependencies) = postProject
		{60AA2511-5F8B-47DE-B9C5-173DC6F756A1} = {60AA2511-5F8B-47DE-B9C5-173DC6F756A1}
		{4278361E-723B-438B-83D8-48E475E4AA42} = {4278361E-723B-438B-83D8-48E475E4AA42}
		{9FE7FF44-140E-445C-84BE-0453044293F1} = {9FE7FF44-140E-445C-84BE-0453044293F1}
		{C0C68A5F-CDCE-4F26-8A30-5A4313ADF628} = {C0C68A5F-CDCE-4F26-8A30-5A4313ADF628}
		{367AC968-BD1F-4DD3-A49C-1AA5EEFF5191} = {367AC968-BD1F-4DD3-A49C-1AA5EEFF5191}
		{040F8778-3B25-4C81-80B2-1DFDDAAD0D46} = {040F8778-3B25-4C81-80B2-1DFDDAAD0D46}
		{0B883079-812A-405E-AC8F-59F47CE9A3FF} = {0B883079-812A-405E-AC8F-59F47CE9A3FF}
		{352BC37B-C1B2-4D5F-9203-2237D9CB93B6} = {352BC37B-C1B2-4D5F-9203-2237D9CB93B6}
		{A786767F-6D33-4936-A852-42124A9E2B76} = {A786767F-6D33-4936-A852-42124A9E2B76}
		{83830091-2FE2-4370-A6DD-6DE74F04FB5C} = {83830091-2FE2-4370-A6DD-6DE74F04FB5C}
		{21768896-1860-40D7-9C36-31BC9264CA3E} = {21768896-1860-40D7-9C36-31BC9264CA3E}
		{9AC9F0B1-B8A9-4413-ABC7-DEA08559CBA2} = {9AC9F0B1-B8A9-4413-ABC7-DEA08559CBA2}
		{0BDE62C1-A3C1-47AE-BC77-83FE525230CA} = {0BDE62C1-A3C1-47AE-BC77-83FE525230CA}
		{37A5CCC7-FF7A-44A7-B52F-9B1AFCE53E9B} = {37A5CCC7-FF7A-44A7-B52F-9B1AFCE53E9B}
		{6D54E2C8-59A4-44E0-8A48-1B73DA2BC7E2} = {6D54E2C8-59A4-44E0-8A48-1B73DA2BC7E2}
		{C2446EE8-23D8-4594-906F-958D0A3CA9D2} = {C2446EE8-23D8-4594-906F-958D0A3CA9D2}
		{1A24F4EE-A03D-450C-965F-4275D34F42A5} = {1A24F4EE-A03D-450C-965F-4275D34F42A5}
		{802C0AF2-A740-4903-A198-C40C646331D9} = {802C0AF2-A740-4903-A198-C40C646331D9}
	EndProjectSection
EndProject
Global
	GlobalSection(SolutionConfigurationPlatforms) = preSolution
		Debug|Win32 = Debug|Win32
		Release|Win32 = Release|Win32
	EndGlobalSection
	GlobalSection(ProjectConfigurationPlatforms) = postSolution
		{0B883079-812A-405E-AC8F-59F47CE9A3FF}.Debug|Win32.ActiveCfg = Debug|Win32
		{0B883079-812A-405E-AC8F-59F47CE9A3FF}.Debug|Win32.Build.0 = Debug|Win32
		{0B883079-812A-405E-AC8F-59F47CE9A3FF}.Release|Win32.ActiveCfg = Release|Win32
		{0B883079-812A-405E-AC8F-59F47CE9A3FF}.Release|Win32.Build.0 = Release|Win32
		{6D54E2C8-59A4-44E0-8A48-1B73DA2BC7E2}.Debug|Win32.ActiveCfg = Debug|Win32
		{6D54E2C8-59A4-44E0-8A48-1B73DA2BC7E2}.Debug|Win32.Build.0 = Debug|Win32
		{6D54E2C8-59A4-44E0-8A48-1B73DA2BC7E2}.Release|Win32.ActiveCfg = Release|Win32
		{6D54E2C8-59A4-44E0-8A48-1B73DA2BC7E2}.Release|Win32.Build.0 = Release|Win32
		{21768896-1860-40D7-9C36-31BC9264CA3E}.Debug|Win32.ActiveCfg = Debug|Win32
		{21768896-1860-40D7-9C36-31BC9264CA3E}.Debug|Win32.Build.0 = Debug|Win32
		{21768896-1860-40D7-9C36-31BC9264CA3E}.Release|Win32.ActiveCfg = Release|Win32
		{21768896-1860-40D7-9C36-31BC9264CA3E}.Release|Win32.Build.0 = Release|Win32
		{0BDE62C1-A3C1-47AE-BC77-83FE525230CA}.Debug|Win32.ActiveCfg = Debug|Win32
		{0BDE62C1-A3C1-47AE-BC77-83FE525230CA}.Debug|Win32.Build.0 = Debug|Win32
		{0BDE62C1-A3C1-47AE-BC77-83FE525230CA}.Release|Win32.ActiveCfg = Release|Win32
		{0BDE62C1-A3C1-47AE-BC77-83FE525230CA}.Release|Win32.Build.0 = Release|Win32
		{37A5CCC7-FF7A-44A7-B52F-9B1AFCE53E9B}.Debug|Win32.ActiveCfg = Debug|Win32
		{37A5CCC7-FF7A-44A7-B52F-9B1AFCE53E9B}.Debug|Win32.Build.0 = Debug|Win32
		{37A5CCC7-FF7A-44A7-B52F-9B1AFCE53E9B}.Release|Win32.ActiveCfg = Release|Win32
		{37A5CCC7-FF7A-44A7-B52F-9B1AFCE53E9B}.Release|Win32.Build.0 = Release|Win32
		{A786767F-6D33-4936-A852-42124A9E2B76}.Debug|Win32.ActiveCfg = Debug|Win32
		{A786767F-6D33-4936-A852-42124A9E2B76}.Debug|Win32.Build.0 = Debug|Win32
		{A786767F-6D33-4936-A852-42124A9E2B76}.Release|Win32.ActiveCfg = Release|Win32
		{A786767F-6D33-4936-A852-42124A9E2B76}.Release|Win32.Build.0 = Release|Win32
		{C0C68A5F-CDCE-4F26-8A30-5A4313ADF628}.Debug|Win32.ActiveCfg = Debug|Win32
		{C0C68A5F-CDCE-4F26-8A30-5A4313ADF628}.Debug|Win32.Build.0 = Debug|Win32
		{C0C68A5F-CDCE-4F26-8A30-5A4313ADF628}.Release|Win32.ActiveCfg = Release|Win32
		{C0C68A5F-CDCE-4F26-8A30-5A4313ADF628}.Release|Win32.Build.0 = Release|Win32
		{4278361E-723B-438B-83D8-48E475E4AA42}.Debug|Win32.ActiveCfg = Debug|Win32
		{4278361E-723B-438B-83D8-48E475E4AA42}.Debug|Win32.Build.0 = Debug|Win32
		{4278361E-723B-438B-83D8-48E475E4AA42}.Release|Win32.ActiveCfg = Release|Win32
		{4278361E-723B-438B-83D8-48E475E4AA42}.Release|Win32.Build.0 = Release|Win32
		{802C0AF2-A740-4903-A198-C40C646331D9}.Debug|Win32.ActiveCfg = Debug|Win32
		{802C0AF2-A740-4903-A198-C40C646331D9}.Debug|Win32.Build.0 = Debug|Win32
		{802C0AF2-A740-4903-A198-C40C646331D9}.Release|Win32.ActiveCfg = Release|Win32
		{802C0AF2-A740-4903-A198-C40C646331D9}.Release|Win32.Build.0 = Release|Win32
		{C2446EE8-23D8-4594-906F-958D0A3CA9D2}.Debug|Win32.ActiveCfg = Debug|Win32
		{C2446EE8-23D8-4594-906F-958D0A3CA9D2}.Debug|Win32.Build.0 = Debug|Win32
		{C2446EE8-23D8-4594-906F-958D0A3CA9D2}.Release|Win32.ActiveCfg = Release|Win32
		{C2446EE8-23D8-4594-906F-958D0A3CA9D2}.Release|Win32.Build.0 = Release|Win32
		{040F8778-3B25-4C81-80B2-1DFDDAAD0D46}.Debug|Win32.ActiveCfg = Debug|Win32
		{040F8778-3B25-4C81-80B2-1DFDDAAD0D46}.Debug|Win32.Build.0 = Debug|Win32
		{040F8778-3B25-4C81-80B2-1DFDDAAD0D46}.Release|Win32.ActiveCfg = Release|Win32
		{040F8778-3B25-4C81-80B2-1DFDDAAD0D46}.Release|Win32.Build.0 = Release|Win32
		{9FE7FF44-140E-445C-84BE-0453044293F1}.Debug|Win32.ActiveCfg = Debug|Win32
		{9FE7FF44-140E-445C-84BE-0453044293F1}.Debug|Win32.Build.0 = Debug|Win32
		{9FE7FF44-140E-445C-84BE-0453044293F1}.Release|Win32.ActiveCfg = Release|Win32
		{9FE7FF44-140E-445C-84BE-0453044293F1}.Release|Win32.Build.0 = Release|Win32
		{9AC9F0B1-B8A9-4413-ABC7-DEA08559CBA2}.Debug|Win32.ActiveCfg = Debug|Win32
		{9AC9F0B1-B8A9-4413-ABC7-DEA08559CBA2}.Debug|Win32.Build.0 = Debug|Win32
		{9AC9F0B1-B8A9-4413-ABC7-DEA08559CBA2}.Release|Win32.ActiveCfg = Release|Win32
		{9AC9F0B1-B8A9-4413-ABC7-DEA08559CBA2}.Release|Win32.Build.0 = Release|Win32
		{60AA2511-5F8B-47DE-B9C5-173DC6F756A1}.Debug|Win32.ActiveCfg = Debug|Win32
		{60AA2511-5F8B-47DE-B9C5-173DC6F756A1}.Debug|Win32.Build.0 = Debug|Win32
		{60AA2511-5F8B-47DE-B9C5-173DC6F756A1}.Release|Win32.ActiveCfg = Release|Win32
		{60AA2511-5F8B-47DE-B9C5-173DC6F756A1}.Release|Win32.Build.0 = Release|Win32
		{352BC37B-C1B2-4D5F-9203-2237D9CB93B6}.Debug|Win32.ActiveCfg = Debug|Win32
		{352BC37B-C1B2-4D5F-9203-2237D9CB93B6}.Debug|Win32.Build.0 = Debug|Win32
		{352BC37B-C1B2-4D5F-9203-2237D9CB93B6}.Release|Win32.ActiveCfg = Release|Win32
		{352BC37B-C1B2-4D5F-9203-2237D9CB93B6}.Release|Win32.Build.0 = Release|Win32
		{83830091-2FE2-4370-A6DD-6DE74F04FB5C}.Debug|Win32.ActiveCfg = Debug|Win32
		{83830091-2FE2-4370-A6DD-6DE74F04FB5C}.Debug|Win32.Build.0 = Debug|Win32
		{83830091-2FE2-4370-A6DD-6DE74F04FB5C}.Release|Win32.ActiveCfg = Release|Win32
		{83830091-2FE2-4370-A6DD-6DE74F04FB5C}.Release|Win32.Build.0 = Release|Win32
		{367AC968-BD1F-4DD3-A49C-1AA5EEFF5191}.Debug|Win32.ActiveCfg = Debug|Win32
		{367AC968-BD1F-4DD3-A49C-1AA5EEFF5191}.Debug|Win32.Build.0 = Debug|Win32
		{367AC968-BD1F-4DD3-A49C-1AA5EEFF5191}.Release|Win32.ActiveCfg = Release|Win32
		{367AC968-BD1F-4DD3-A49C-1AA5EEFF5191}.Release|Win32.Build.0 = Release|Win32
		{1A24F4EE-A03D-450C-965F-4275D34F42A5}.Debug|Win32.ActiveCfg = Debug|Win32
		{1A24F4EE-A03D-450C-965F-4275D34F42A5}.Debug|Win32.Build.0 = Debug|Win32
		{1A24F4EE-A03D-450C-965F-4275D34F42A5}.Release|Win32.ActiveCfg = Release|Win32
		{1A24F4EE-A03D-450C-965F-4275D34F42A5}.Release|Win32.Build.0 = Release|Win32
		{8555C573-874C-4982-B721-FD25B5691876}.Debug|Win32.ActiveCfg = Debug|Win32
		{8555C573-874C-4982-B721-FD25B5691876}.Debug|Win32.Build.0 = Debug|Win32
		{8555C573-874C-4982-B721-FD25B5691876}.Release|Win32.ActiveCfg = Release|Win32
		{8555C573-874C-4982-B721-FD25B5691876}.Release|Win32.Build.0 = Release|Win32
	EndGlobalSection
	GlobalSection(SolutionProperties) = preSolution
		HideSolutionNode = FALSE
	EndGlobalSection
EndGlobal
